// !$*UTF8*$!
{
	archiveVersion = 1;
	classes = {
	};
	objectVersion = 50;
	objects = {

/* Begin PBXBuildFile section */
		023240452447938A0022E3F2 /* StatusLabel.swift in Sources */ = {isa = PBXBuildFile; fileRef = 023240442447938A0022E3F2 /* StatusLabel.swift */; };
		02324048244799CD0022E3F2 /* MotionManager.swift in Sources */ = {isa = PBXBuildFile; fileRef = 02324047244799CD0022E3F2 /* MotionManager.swift */; };
		0232404A244799E50022E3F2 /* MotionHandler.swift in Sources */ = {isa = PBXBuildFile; fileRef = 02324049244799E50022E3F2 /* MotionHandler.swift */; };
		0232404C24479CA80022E3F2 /* ViewController + MotionHandler.swift in Sources */ = {isa = PBXBuildFile; fileRef = 0232404B24479CA80022E3F2 /* ViewController + MotionHandler.swift */; };
		0252BF752448CFF70043DD0E /* AppDelegate.swift in Sources */ = {isa = PBXBuildFile; fileRef = 0252BF742448CFF70043DD0E /* AppDelegate.swift */; };
		0252BF772448CFF70043DD0E /* ViewController.swift in Sources */ = {isa = PBXBuildFile; fileRef = 0252BF762448CFF70043DD0E /* ViewController.swift */; };
		0252BF7A2448CFF70043DD0E /* Main.storyboard in Resources */ = {isa = PBXBuildFile; fileRef = 0252BF782448CFF70043DD0E /* Main.storyboard */; };
		0252BF7C2448CFFC0043DD0E /* Assets.xcassets in Resources */ = {isa = PBXBuildFile; fileRef = 0252BF7B2448CFFC0043DD0E /* Assets.xcassets */; };
		0252BF7F2448CFFC0043DD0E /* LaunchScreen.storyboard in Resources */ = {isa = PBXBuildFile; fileRef = 0252BF7D2448CFFC0043DD0E /* LaunchScreen.storyboard */; };
		0252BF842448D0030043DD0E /* GlobalProperties.swift in Sources */ = {isa = PBXBuildFile; fileRef = 02879FB124478B7500B05390 /* GlobalProperties.swift */; };
		0252BF852448D0030043DD0E /* MultipeerController.swift in Sources */ = {isa = PBXBuildFile; fileRef = 02879FAD24478AE400B05390 /* MultipeerController.swift */; };
		0252BF862448D0030043DD0E /* MultipeerHandler.swift in Sources */ = {isa = PBXBuildFile; fileRef = 02879FAF24478B0300B05390 /* MultipeerHandler.swift */; };
		0252BF872448D0030043DD0E /* StringExtension.swift in Sources */ = {isa = PBXBuildFile; fileRef = 02D4177D244791DE000BC96A /* StringExtension.swift */; };
		0252BF882448D0110043DD0E /* StatusLabel.swift in Sources */ = {isa = PBXBuildFile; fileRef = 023240442447938A0022E3F2 /* StatusLabel.swift */; };
		0252BF8C2448D0F90043DD0E /* ViewController + MultipeerHandler.swift in Sources */ = {isa = PBXBuildFile; fileRef = 0252BF8B2448D0F90043DD0E /* ViewController + MultipeerHandler.swift */; };
		026C41F7244935630065F64A /* MainScene.sks in Resources */ = {isa = PBXBuildFile; fileRef = 026C41F6244935630065F64A /* MainScene.sks */; };
		026C41F9244A19250065F64A /* SwordNode.swift in Sources */ = {isa = PBXBuildFile; fileRef = 026C41F8244A19250065F64A /* SwordNode.swift */; };
		0277CE1F2448E10700C01BDB /* CMData.swift in Sources */ = {isa = PBXBuildFile; fileRef = 0277CE1E2448E10700C01BDB /* CMData.swift */; };
		0277CE202448E11500C01BDB /* CMData.swift in Sources */ = {isa = PBXBuildFile; fileRef = 0277CE1E2448E10700C01BDB /* CMData.swift */; };
		02879F9924478A3900B05390 /* AppDelegate.swift in Sources */ = {isa = PBXBuildFile; fileRef = 02879F9824478A3900B05390 /* AppDelegate.swift */; };
		02879F9B24478A3900B05390 /* SceneDelegate.swift in Sources */ = {isa = PBXBuildFile; fileRef = 02879F9A24478A3900B05390 /* SceneDelegate.swift */; };
		02879F9D24478A3900B05390 /* ViewController.swift in Sources */ = {isa = PBXBuildFile; fileRef = 02879F9C24478A3900B05390 /* ViewController.swift */; };
		02879FA024478A3900B05390 /* Main.storyboard in Resources */ = {isa = PBXBuildFile; fileRef = 02879F9E24478A3900B05390 /* Main.storyboard */; };
		02879FA224478A3B00B05390 /* Assets.xcassets in Resources */ = {isa = PBXBuildFile; fileRef = 02879FA124478A3B00B05390 /* Assets.xcassets */; };
		02879FA524478A3B00B05390 /* LaunchScreen.storyboard in Resources */ = {isa = PBXBuildFile; fileRef = 02879FA324478A3B00B05390 /* LaunchScreen.storyboard */; };
		02879FAE24478AE400B05390 /* MultipeerController.swift in Sources */ = {isa = PBXBuildFile; fileRef = 02879FAD24478AE400B05390 /* MultipeerController.swift */; };
		02879FB024478B0300B05390 /* MultipeerHandler.swift in Sources */ = {isa = PBXBuildFile; fileRef = 02879FAF24478B0300B05390 /* MultipeerHandler.swift */; };
		02879FB224478B7500B05390 /* GlobalProperties.swift in Sources */ = {isa = PBXBuildFile; fileRef = 02879FB124478B7500B05390 /* GlobalProperties.swift */; };
		029B1013244A4830003C9FD7 /* Localizable.strings in Resources */ = {isa = PBXBuildFile; fileRef = 029B1015244A4830003C9FD7 /* Localizable.strings */; };
		029B1017244A493F003C9FD7 /* Localizable.strings in Resources */ = {isa = PBXBuildFile; fileRef = 029B1015244A4830003C9FD7 /* Localizable.strings */; };
		02D4177C24479101000BC96A /* ViewController + MultipeerHandler.swift in Sources */ = {isa = PBXBuildFile; fileRef = 02D4177B24479101000BC96A /* ViewController + MultipeerHandler.swift */; };
		02D4177E244791DE000BC96A /* StringExtension.swift in Sources */ = {isa = PBXBuildFile; fileRef = 02D4177D244791DE000BC96A /* StringExtension.swift */; };
/* End PBXBuildFile section */

/* Begin PBXFileReference section */
		023240442447938A0022E3F2 /* StatusLabel.swift */ = {isa = PBXFileReference; lastKnownFileType = sourcecode.swift; path = StatusLabel.swift; sourceTree = "<group>"; };
		02324047244799CD0022E3F2 /* MotionManager.swift */ = {isa = PBXFileReference; lastKnownFileType = sourcecode.swift; path = MotionManager.swift; sourceTree = "<group>"; };
		02324049244799E50022E3F2 /* MotionHandler.swift */ = {isa = PBXFileReference; lastKnownFileType = sourcecode.swift; path = MotionHandler.swift; sourceTree = "<group>"; };
		0232404B24479CA80022E3F2 /* ViewController + MotionHandler.swift */ = {isa = PBXFileReference; lastKnownFileType = sourcecode.swift; path = "ViewController + MotionHandler.swift"; sourceTree = "<group>"; };
		0252BF722448CFF70043DD0E /* Nano4TV.app */ = {isa = PBXFileReference; explicitFileType = wrapper.application; includeInIndex = 0; path = Nano4TV.app; sourceTree = BUILT_PRODUCTS_DIR; };
		0252BF742448CFF70043DD0E /* AppDelegate.swift */ = {isa = PBXFileReference; lastKnownFileType = sourcecode.swift; path = AppDelegate.swift; sourceTree = "<group>"; };
		0252BF762448CFF70043DD0E /* ViewController.swift */ = {isa = PBXFileReference; lastKnownFileType = sourcecode.swift; path = ViewController.swift; sourceTree = "<group>"; };
		0252BF792448CFF70043DD0E /* Base */ = {isa = PBXFileReference; lastKnownFileType = file.storyboard; name = Base; path = Base.lproj/Main.storyboard; sourceTree = "<group>"; };
		0252BF7B2448CFFC0043DD0E /* Assets.xcassets */ = {isa = PBXFileReference; lastKnownFileType = folder.assetcatalog; path = Assets.xcassets; sourceTree = "<group>"; };
		0252BF7E2448CFFC0043DD0E /* Base */ = {isa = PBXFileReference; lastKnownFileType = file.storyboard; name = Base; path = Base.lproj/LaunchScreen.storyboard; sourceTree = "<group>"; };
		0252BF802448CFFC0043DD0E /* Info.plist */ = {isa = PBXFileReference; lastKnownFileType = text.plist.xml; path = Info.plist; sourceTree = "<group>"; };
		0252BF8B2448D0F90043DD0E /* ViewController + MultipeerHandler.swift */ = {isa = PBXFileReference; lastKnownFileType = sourcecode.swift; path = "ViewController + MultipeerHandler.swift"; sourceTree = "<group>"; };
		026C41F6244935630065F64A /* MainScene.sks */ = {isa = PBXFileReference; lastKnownFileType = file.sks; path = MainScene.sks; sourceTree = "<group>"; };
		026C41F8244A19250065F64A /* SwordNode.swift */ = {isa = PBXFileReference; lastKnownFileType = sourcecode.swift; path = SwordNode.swift; sourceTree = "<group>"; };
		0277CE1E2448E10700C01BDB /* CMData.swift */ = {isa = PBXFileReference; lastKnownFileType = sourcecode.swift; path = CMData.swift; sourceTree = "<group>"; };
		02879F9524478A3900B05390 /* Nano4.app */ = {isa = PBXFileReference; explicitFileType = wrapper.application; includeInIndex = 0; path = Nano4.app; sourceTree = BUILT_PRODUCTS_DIR; };
		02879F9824478A3900B05390 /* AppDelegate.swift */ = {isa = PBXFileReference; lastKnownFileType = sourcecode.swift; path = AppDelegate.swift; sourceTree = "<group>"; };
		02879F9A24478A3900B05390 /* SceneDelegate.swift */ = {isa = PBXFileReference; lastKnownFileType = sourcecode.swift; path = SceneDelegate.swift; sourceTree = "<group>"; };
		02879F9C24478A3900B05390 /* ViewController.swift */ = {isa = PBXFileReference; lastKnownFileType = sourcecode.swift; path = ViewController.swift; sourceTree = "<group>"; };
		02879F9F24478A3900B05390 /* Base */ = {isa = PBXFileReference; lastKnownFileType = file.storyboard; name = Base; path = Base.lproj/Main.storyboard; sourceTree = "<group>"; };
		02879FA124478A3B00B05390 /* Assets.xcassets */ = {isa = PBXFileReference; lastKnownFileType = folder.assetcatalog; path = Assets.xcassets; sourceTree = "<group>"; };
		02879FA424478A3B00B05390 /* Base */ = {isa = PBXFileReference; lastKnownFileType = file.storyboard; name = Base; path = Base.lproj/LaunchScreen.storyboard; sourceTree = "<group>"; };
		02879FA624478A3B00B05390 /* Info.plist */ = {isa = PBXFileReference; lastKnownFileType = text.plist.xml; path = Info.plist; sourceTree = "<group>"; };
		02879FAD24478AE400B05390 /* MultipeerController.swift */ = {isa = PBXFileReference; lastKnownFileType = sourcecode.swift; path = MultipeerController.swift; sourceTree = "<group>"; };
		02879FAF24478B0300B05390 /* MultipeerHandler.swift */ = {isa = PBXFileReference; lastKnownFileType = sourcecode.swift; path = MultipeerHandler.swift; sourceTree = "<group>"; };
		02879FB124478B7500B05390 /* GlobalProperties.swift */ = {isa = PBXFileReference; lastKnownFileType = sourcecode.swift; path = GlobalProperties.swift; sourceTree = "<group>"; };
		029B1014244A4830003C9FD7 /* en */ = {isa = PBXFileReference; lastKnownFileType = text.plist.strings; name = en; path = en.lproj/Localizable.strings; sourceTree = "<group>"; };
		029B1016244A4843003C9FD7 /* pt-BR */ = {isa = PBXFileReference; lastKnownFileType = text.plist.strings; name = "pt-BR"; path = "pt-BR.lproj/Localizable.strings"; sourceTree = "<group>"; };
		02D4177B24479101000BC96A /* ViewController + MultipeerHandler.swift */ = {isa = PBXFileReference; lastKnownFileType = sourcecode.swift; path = "ViewController + MultipeerHandler.swift"; sourceTree = "<group>"; };
		02D4177D244791DE000BC96A /* StringExtension.swift */ = {isa = PBXFileReference; lastKnownFileType = sourcecode.swift; path = StringExtension.swift; sourceTree = "<group>"; };
/* End PBXFileReference section */

/* Begin PBXFrameworksBuildPhase section */
		0252BF6F2448CFF70043DD0E /* Frameworks */ = {
			isa = PBXFrameworksBuildPhase;
			buildActionMask = 2147483647;
			files = (
			);
			runOnlyForDeploymentPostprocessing = 0;
		};
		02879F9224478A3900B05390 /* Frameworks */ = {
			isa = PBXFrameworksBuildPhase;
			buildActionMask = 2147483647;
			files = (
			);
			runOnlyForDeploymentPostprocessing = 0;
		};
/* End PBXFrameworksBuildPhase section */

/* Begin PBXGroup section */
		02324046244799BE0022E3F2 /* Model */ = {
			isa = PBXGroup;
			children = (
				02324047244799CD0022E3F2 /* MotionManager.swift */,
				02324049244799E50022E3F2 /* MotionHandler.swift */,
			);
			path = Model;
			sourceTree = "<group>";
		};
		0252BF732448CFF70043DD0E /* Nano4TV */ = {
			isa = PBXGroup;
			children = (
				0252BF892448D0C50043DD0E /* View */,
				0252BF8A2448D0D00043DD0E /* Controller */,
				0252BF742448CFF70043DD0E /* AppDelegate.swift */,
				0252BF7B2448CFFC0043DD0E /* Assets.xcassets */,
				0252BF7D2448CFFC0043DD0E /* LaunchScreen.storyboard */,
				0252BF802448CFFC0043DD0E /* Info.plist */,
			);
			path = Nano4TV;
			sourceTree = "<group>";
		};
		0252BF892448D0C50043DD0E /* View */ = {
			isa = PBXGroup;
			children = (
				0252BF782448CFF70043DD0E /* Main.storyboard */,
				026C41F6244935630065F64A /* MainScene.sks */,
				026C41F8244A19250065F64A /* SwordNode.swift */,
			);
			path = View;
			sourceTree = "<group>";
		};
		0252BF8A2448D0D00043DD0E /* Controller */ = {
			isa = PBXGroup;
			children = (
				0252BF762448CFF70043DD0E /* ViewController.swift */,
				0252BF8B2448D0F90043DD0E /* ViewController + MultipeerHandler.swift */,
			);
			path = Controller;
			sourceTree = "<group>";
		};
		02879F8C24478A3900B05390 = {
			isa = PBXGroup;
			children = (
				02879FAC24478A4300B05390 /* Shared */,
				02879F9724478A3900B05390 /* Nano4 */,
				0252BF732448CFF70043DD0E /* Nano4TV */,
				02879F9624478A3900B05390 /* Products */,
			);
			sourceTree = "<group>";
		};
		02879F9624478A3900B05390 /* Products */ = {
			isa = PBXGroup;
			children = (
				02879F9524478A3900B05390 /* Nano4.app */,
				0252BF722448CFF70043DD0E /* Nano4TV.app */,
			);
			name = Products;
			sourceTree = "<group>";
		};
		02879F9724478A3900B05390 /* Nano4 */ = {
			isa = PBXGroup;
			children = (
				02324046244799BE0022E3F2 /* Model */,
				02D4177A24479097000BC96A /* View */,
				02D4177924479088000BC96A /* Controller */,
				02879F9824478A3900B05390 /* AppDelegate.swift */,
				02879F9A24478A3900B05390 /* SceneDelegate.swift */,
				02879FA124478A3B00B05390 /* Assets.xcassets */,
				02879FA324478A3B00B05390 /* LaunchScreen.storyboard */,
				02879FA624478A3B00B05390 /* Info.plist */,
			);
			path = Nano4;
			sourceTree = "<group>";
		};
		02879FAC24478A4300B05390 /* Shared */ = {
			isa = PBXGroup;
			children = (
				023240442447938A0022E3F2 /* StatusLabel.swift */,
				02879FB124478B7500B05390 /* GlobalProperties.swift */,
				02879FAD24478AE400B05390 /* MultipeerController.swift */,
				02879FAF24478B0300B05390 /* MultipeerHandler.swift */,
				02D4177D244791DE000BC96A /* StringExtension.swift */,
				0277CE1E2448E10700C01BDB /* CMData.swift */,
				029B1015244A4830003C9FD7 /* Localizable.strings */,
			);
			path = Shared;
			sourceTree = "<group>";
		};
		02D4177924479088000BC96A /* Controller */ = {
			isa = PBXGroup;
			children = (
				02879F9C24478A3900B05390 /* ViewController.swift */,
				02D4177B24479101000BC96A /* ViewController + MultipeerHandler.swift */,
				0232404B24479CA80022E3F2 /* ViewController + MotionHandler.swift */,
			);
			path = Controller;
			sourceTree = "<group>";
		};
		02D4177A24479097000BC96A /* View */ = {
			isa = PBXGroup;
			children = (
				02879F9E24478A3900B05390 /* Main.storyboard */,
			);
			path = View;
			sourceTree = "<group>";
		};
/* End PBXGroup section */

/* Begin PBXNativeTarget section */
		0252BF712448CFF70043DD0E /* Nano4TV */ = {
			isa = PBXNativeTarget;
			buildConfigurationList = 0252BF832448CFFC0043DD0E /* Build configuration list for PBXNativeTarget "Nano4TV" */;
			buildPhases = (
				0252BF6E2448CFF70043DD0E /* Sources */,
				0252BF6F2448CFF70043DD0E /* Frameworks */,
				0252BF702448CFF70043DD0E /* Resources */,
			);
			buildRules = (
			);
			dependencies = (
			);
			name = Nano4TV;
			productName = Nano4TV;
			productReference = 0252BF722448CFF70043DD0E /* Nano4TV.app */;
			productType = "com.apple.product-type.application";
		};
		02879F9424478A3900B05390 /* Nano4 */ = {
			isa = PBXNativeTarget;
			buildConfigurationList = 02879FA924478A3B00B05390 /* Build configuration list for PBXNativeTarget "Nano4" */;
			buildPhases = (
				02879F9124478A3900B05390 /* Sources */,
				02879F9224478A3900B05390 /* Frameworks */,
				02879F9324478A3900B05390 /* Resources */,
			);
			buildRules = (
			);
			dependencies = (
			);
			name = Nano4;
			productName = Nano4;
			productReference = 02879F9524478A3900B05390 /* Nano4.app */;
			productType = "com.apple.product-type.application";
		};
/* End PBXNativeTarget section */

/* Begin PBXProject section */
		02879F8D24478A3900B05390 /* Project object */ = {
			isa = PBXProject;
			attributes = {
				LastSwiftUpdateCheck = 1140;
				LastUpgradeCheck = 1140;
				ORGANIZATIONNAME = "Pedro Giuliano Farina";
				TargetAttributes = {
					0252BF712448CFF70043DD0E = {
						CreatedOnToolsVersion = 11.4.1;
					};
					02879F9424478A3900B05390 = {
						CreatedOnToolsVersion = 11.4;
					};
				};
			};
			buildConfigurationList = 02879F9024478A3900B05390 /* Build configuration list for PBXProject "Nano4" */;
			compatibilityVersion = "Xcode 9.3";
			developmentRegion = en;
			hasScannedForEncodings = 0;
			knownRegions = (
				en,
				Base,
				"pt-BR",
			);
			mainGroup = 02879F8C24478A3900B05390;
			productRefGroup = 02879F9624478A3900B05390 /* Products */;
			projectDirPath = "";
			projectRoot = "";
			targets = (
				02879F9424478A3900B05390 /* Nano4 */,
				0252BF712448CFF70043DD0E /* Nano4TV */,
			);
		};
/* End PBXProject section */

/* Begin PBXResourcesBuildPhase section */
		0252BF702448CFF70043DD0E /* Resources */ = {
			isa = PBXResourcesBuildPhase;
			buildActionMask = 2147483647;
			files = (
				029B1013244A4830003C9FD7 /* Localizable.strings in Resources */,
				0252BF7F2448CFFC0043DD0E /* LaunchScreen.storyboard in Resources */,
				0252BF7C2448CFFC0043DD0E /* Assets.xcassets in Resources */,
				0252BF7A2448CFF70043DD0E /* Main.storyboard in Resources */,
				026C41F7244935630065F64A /* MainScene.sks in Resources */,
			);
			runOnlyForDeploymentPostprocessing = 0;
		};
		02879F9324478A3900B05390 /* Resources */ = {
			isa = PBXResourcesBuildPhase;
			buildActionMask = 2147483647;
			files = (
				02879FA524478A3B00B05390 /* LaunchScreen.storyboard in Resources */,
				029B1017244A493F003C9FD7 /* Localizable.strings in Resources */,
				02879FA224478A3B00B05390 /* Assets.xcassets in Resources */,
				02879FA024478A3900B05390 /* Main.storyboard in Resources */,
			);
			runOnlyForDeploymentPostprocessing = 0;
		};
/* End PBXResourcesBuildPhase section */

/* Begin PBXSourcesBuildPhase section */
		0252BF6E2448CFF70043DD0E /* Sources */ = {
			isa = PBXSourcesBuildPhase;
			buildActionMask = 2147483647;
			files = (
				0252BF8C2448D0F90043DD0E /* ViewController + MultipeerHandler.swift in Sources */,
				0252BF772448CFF70043DD0E /* ViewController.swift in Sources */,
				0252BF862448D0030043DD0E /* MultipeerHandler.swift in Sources */,
				026C41F9244A19250065F64A /* SwordNode.swift in Sources */,
				0252BF872448D0030043DD0E /* StringExtension.swift in Sources */,
				0252BF752448CFF70043DD0E /* AppDelegate.swift in Sources */,
				0277CE202448E11500C01BDB /* CMData.swift in Sources */,
				0252BF882448D0110043DD0E /* StatusLabel.swift in Sources */,
				0252BF842448D0030043DD0E /* GlobalProperties.swift in Sources */,
				0252BF852448D0030043DD0E /* MultipeerController.swift in Sources */,
			);
			runOnlyForDeploymentPostprocessing = 0;
		};
		02879F9124478A3900B05390 /* Sources */ = {
			isa = PBXSourcesBuildPhase;
			buildActionMask = 2147483647;
			files = (
				02879F9D24478A3900B05390 /* ViewController.swift in Sources */,
				02324048244799CD0022E3F2 /* MotionManager.swift in Sources */,
				023240452447938A0022E3F2 /* StatusLabel.swift in Sources */,
				0277CE1F2448E10700C01BDB /* CMData.swift in Sources */,
				02879FB024478B0300B05390 /* MultipeerHandler.swift in Sources */,
				02879F9924478A3900B05390 /* AppDelegate.swift in Sources */,
				0232404C24479CA80022E3F2 /* ViewController + MotionHandler.swift in Sources */,
				02879F9B24478A3900B05390 /* SceneDelegate.swift in Sources */,
				02D4177E244791DE000BC96A /* StringExtension.swift in Sources */,
				02D4177C24479101000BC96A /* ViewController + MultipeerHandler.swift in Sources */,
				02879FAE24478AE400B05390 /* MultipeerController.swift in Sources */,
				02879FB224478B7500B05390 /* GlobalProperties.swift in Sources */,
				0232404A244799E50022E3F2 /* MotionHandler.swift in Sources */,
			);
			runOnlyForDeploymentPostprocessing = 0;
		};
/* End PBXSourcesBuildPhase section */

/* Begin PBXVariantGroup section */
		0252BF782448CFF70043DD0E /* Main.storyboard */ = {
			isa = PBXVariantGroup;
			children = (
				0252BF792448CFF70043DD0E /* Base */,
			);
			name = Main.storyboard;
			sourceTree = "<group>";
		};
		0252BF7D2448CFFC0043DD0E /* LaunchScreen.storyboard */ = {
			isa = PBXVariantGroup;
			children = (
				0252BF7E2448CFFC0043DD0E /* Base */,
			);
			name = LaunchScreen.storyboard;
			sourceTree = "<group>";
		};
		02879F9E24478A3900B05390 /* Main.storyboard */ = {
			isa = PBXVariantGroup;
			children = (
				02879F9F24478A3900B05390 /* Base */,
			);
			name = Main.storyboard;
			sourceTree = "<group>";
		};
		02879FA324478A3B00B05390 /* LaunchScreen.storyboard */ = {
			isa = PBXVariantGroup;
			children = (
				02879FA424478A3B00B05390 /* Base */,
			);
			name = LaunchScreen.storyboard;
			sourceTree = "<group>";
		};
		029B1015244A4830003C9FD7 /* Localizable.strings */ = {
			isa = PBXVariantGroup;
			children = (
				029B1014244A4830003C9FD7 /* en */,
				029B1016244A4843003C9FD7 /* pt-BR */,
			);
			name = Localizable.strings;
			sourceTree = "<group>";
		};
/* End PBXVariantGroup section */

/* Begin XCBuildConfiguration section */
		0252BF812448CFFC0043DD0E /* Debug */ = {
			isa = XCBuildConfiguration;
			buildSettings = {
				ASSETCATALOG_COMPILER_APPICON_NAME = "App Icon & Top Shelf Image";
				CODE_SIGN_STYLE = Automatic;
				DEVELOPMENT_TEAM = BVZY57RJZG;
				INFOPLIST_FILE = Nano4TV/Info.plist;
				LD_RUNPATH_SEARCH_PATHS = (
					"$(inherited)",
					"@executable_path/Frameworks",
				);
				PRODUCT_BUNDLE_IDENTIFIER = PGF.Nano4TV;
				PRODUCT_NAME = "$(TARGET_NAME)";
				SDKROOT = appletvos;
				SWIFT_VERSION = 5.0;
				TARGETED_DEVICE_FAMILY = 3;
				TVOS_DEPLOYMENT_TARGET = 13.4;
			};
			name = Debug;
		};
		0252BF822448CFFC0043DD0E /* Release */ = {
			isa = XCBuildConfiguration;
			buildSettings = {
				ASSETCATALOG_COMPILER_APPICON_NAME = "App Icon & Top Shelf Image";
				CODE_SIGN_STYLE = Automatic;
				DEVELOPMENT_TEAM = BVZY57RJZG;
				INFOPLIST_FILE = Nano4TV/Info.plist;
				LD_RUNPATH_SEARCH_PATHS = (
					"$(inherited)",
					"@executable_path/Frameworks",
				);
				PRODUCT_BUNDLE_IDENTIFIER = PGF.Nano4TV;
				PRODUCT_NAME = "$(TARGET_NAME)";
				SDKROOT = appletvos;
				SWIFT_VERSION = 5.0;
				TARGETED_DEVICE_FAMILY = 3;
				TVOS_DEPLOYMENT_TARGET = 13.4;
			};
			name = Release;
		};
		02879FA724478A3B00B05390 /* Debug */ = {
			isa = XCBuildConfiguration;
			buildSettings = {
				ALWAYS_SEARCH_USER_PATHS = NO;
				CLANG_ANALYZER_LOCALIZABILITY_NONLOCALIZED = YES;
				CLANG_ANALYZER_NONNULL = YES;
				CLANG_ANALYZER_NUMBER_OBJECT_CONVERSION = YES_AGGRESSIVE;
				CLANG_CXX_LANGUAGE_STANDARD = "gnu++14";
				CLANG_CXX_LIBRARY = "libc++";
				CLANG_ENABLE_MODULES = YES;
				CLANG_ENABLE_OBJC_ARC = YES;
				CLANG_ENABLE_OBJC_WEAK = YES;
				CLANG_WARN_BLOCK_CAPTURE_AUTORELEASING = YES;
				CLANG_WARN_BOOL_CONVERSION = YES;
				CLANG_WARN_COMMA = YES;
				CLANG_WARN_CONSTANT_CONVERSION = YES;
				CLANG_WARN_DEPRECATED_OBJC_IMPLEMENTATIONS = YES;
				CLANG_WARN_DIRECT_OBJC_ISA_USAGE = YES_ERROR;
				CLANG_WARN_DOCUMENTATION_COMMENTS = YES;
				CLANG_WARN_EMPTY_BODY = YES;
				CLANG_WARN_ENUM_CONVERSION = YES;
				CLANG_WARN_INFINITE_RECURSION = YES;
				CLANG_WARN_INT_CONVERSION = YES;
				CLANG_WARN_NON_LITERAL_NULL_CONVERSION = YES;
				CLANG_WARN_OBJC_IMPLICIT_RETAIN_SELF = YES;
				CLANG_WARN_OBJC_LITERAL_CONVERSION = YES;
				CLANG_WARN_OBJC_ROOT_CLASS = YES_ERROR;
				CLANG_WARN_RANGE_LOOP_ANALYSIS = YES;
				CLANG_WARN_STRICT_PROTOTYPES = YES;
				CLANG_WARN_SUSPICIOUS_MOVE = YES;
				CLANG_WARN_UNGUARDED_AVAILABILITY = YES_AGGRESSIVE;
				CLANG_WARN_UNREACHABLE_CODE = YES;
				CLANG_WARN__DUPLICATE_METHOD_MATCH = YES;
				COPY_PHASE_STRIP = NO;
				DEBUG_INFORMATION_FORMAT = dwarf;
				ENABLE_STRICT_OBJC_MSGSEND = YES;
				ENABLE_TESTABILITY = YES;
				GCC_C_LANGUAGE_STANDARD = gnu11;
				GCC_DYNAMIC_NO_PIC = NO;
				GCC_NO_COMMON_BLOCKS = YES;
				GCC_OPTIMIZATION_LEVEL = 0;
				GCC_PREPROCESSOR_DEFINITIONS = (
					"DEBUG=1",
					"$(inherited)",
				);
				GCC_WARN_64_TO_32_BIT_CONVERSION = YES;
				GCC_WARN_ABOUT_RETURN_TYPE = YES_ERROR;
				GCC_WARN_UNDECLARED_SELECTOR = YES;
				GCC_WARN_UNINITIALIZED_AUTOS = YES_AGGRESSIVE;
				GCC_WARN_UNUSED_FUNCTION = YES;
				GCC_WARN_UNUSED_VARIABLE = YES;
				IPHONEOS_DEPLOYMENT_TARGET = 13.4;
				MTL_ENABLE_DEBUG_INFO = INCLUDE_SOURCE;
				MTL_FAST_MATH = YES;
				ONLY_ACTIVE_ARCH = YES;
				SDKROOT = iphoneos;
				SWIFT_ACTIVE_COMPILATION_CONDITIONS = DEBUG;
				SWIFT_OPTIMIZATION_LEVEL = "-Onone";
			};
			name = Debug;
		};
		02879FA824478A3B00B05390 /* Release */ = {
			isa = XCBuildConfiguration;
			buildSettings = {
				ALWAYS_SEARCH_USER_PATHS = NO;
				CLANG_ANALYZER_LOCALIZABILITY_NONLOCALIZED = YES;
				CLANG_ANALYZER_NONNULL = YES;
				CLANG_ANALYZER_NUMBER_OBJECT_CONVERSION = YES_AGGRESSIVE;
				CLANG_CXX_LANGUAGE_STANDARD = "gnu++14";
				CLANG_CXX_LIBRARY = "libc++";
				CLANG_ENABLE_MODULES = YES;
				CLANG_ENABLE_OBJC_ARC = YES;
				CLANG_ENABLE_OBJC_WEAK = YES;
				CLANG_WARN_BLOCK_CAPTURE_AUTORELEASING = YES;
				CLANG_WARN_BOOL_CONVERSION = YES;
				CLANG_WARN_COMMA = YES;
				CLANG_WARN_CONSTANT_CONVERSION = YES;
				CLANG_WARN_DEPRECATED_OBJC_IMPLEMENTATIONS = YES;
				CLANG_WARN_DIRECT_OBJC_ISA_USAGE = YES_ERROR;
				CLANG_WARN_DOCUMENTATION_COMMENTS = YES;
				CLANG_WARN_EMPTY_BODY = YES;
				CLANG_WARN_ENUM_CONVERSION = YES;
				CLANG_WARN_INFINITE_RECURSION = YES;
				CLANG_WARN_INT_CONVERSION = YES;
				CLANG_WARN_NON_LITERAL_NULL_CONVERSION = YES;
				CLANG_WARN_OBJC_IMPLICIT_RETAIN_SELF = YES;
				CLANG_WARN_OBJC_LITERAL_CONVERSION = YES;
				CLANG_WARN_OBJC_ROOT_CLASS = YES_ERROR;
				CLANG_WARN_RANGE_LOOP_ANALYSIS = YES;
				CLANG_WARN_STRICT_PROTOTYPES = YES;
				CLANG_WARN_SUSPICIOUS_MOVE = YES;
				CLANG_WARN_UNGUARDED_AVAILABILITY = YES_AGGRESSIVE;
				CLANG_WARN_UNREACHABLE_CODE = YES;
				CLANG_WARN__DUPLICATE_METHOD_MATCH = YES;
				COPY_PHASE_STRIP = NO;
				DEBUG_INFORMATION_FORMAT = "dwarf-with-dsym";
				ENABLE_NS_ASSERTIONS = NO;
				ENABLE_STRICT_OBJC_MSGSEND = YES;
				GCC_C_LANGUAGE_STANDARD = gnu11;
				GCC_NO_COMMON_BLOCKS = YES;
				GCC_WARN_64_TO_32_BIT_CONVERSION = YES;
				GCC_WARN_ABOUT_RETURN_TYPE = YES_ERROR;
				GCC_WARN_UNDECLARED_SELECTOR = YES;
				GCC_WARN_UNINITIALIZED_AUTOS = YES_AGGRESSIVE;
				GCC_WARN_UNUSED_FUNCTION = YES;
				GCC_WARN_UNUSED_VARIABLE = YES;
				IPHONEOS_DEPLOYMENT_TARGET = 13.4;
				MTL_ENABLE_DEBUG_INFO = NO;
				MTL_FAST_MATH = YES;
				SDKROOT = iphoneos;
				SWIFT_COMPILATION_MODE = wholemodule;
				SWIFT_OPTIMIZATION_LEVEL = "-O";
				VALIDATE_PRODUCT = YES;
			};
			name = Release;
		};
		02879FAA24478A3B00B05390 /* Debug */ = {
			isa = XCBuildConfiguration;
			buildSettings = {
				ASSETCATALOG_COMPILER_APPICON_NAME = AppIcon;
				CODE_SIGN_STYLE = Automatic;
				DEVELOPMENT_TEAM = BVZY57RJZG;
				INFOPLIST_FILE = Nano4/Info.plist;
				LD_RUNPATH_SEARCH_PATHS = (
					"$(inherited)",
					"@executable_path/Frameworks",
				);
				PRODUCT_BUNDLE_IDENTIFIER = PGF.Nano4;
				PRODUCT_NAME = "$(TARGET_NAME)";
				SWIFT_VERSION = 5.0;
				TARGETED_DEVICE_FAMILY = "1,2";
			};
			name = Debug;
		};
		02879FAB24478A3B00B05390 /* Release */ = {
			isa = XCBuildConfiguration;
			buildSettings = {
				ASSETCATALOG_COMPILER_APPICON_NAME = AppIcon;
				CODE_SIGN_STYLE = Automatic;
				DEVELOPMENT_TEAM = BVZY57RJZG;
				INFOPLIST_FILE = Nano4/Info.plist;
				LD_RUNPATH_SEARCH_PATHS = (
					"$(inherited)",
					"@executable_path/Frameworks",
				);
				PRODUCT_BUNDLE_IDENTIFIER = PGF.Nano4;
				PRODUCT_NAME = "$(TARGET_NAME)";
				SWIFT_VERSION = 5.0;
				TARGETED_DEVICE_FAMILY = "1,2";
			};
			name = Release;
		};
/* End XCBuildConfiguration section */

/* Begin XCConfigurationList section */
		0252BF832448CFFC0043DD0E /* Build configuration list for PBXNativeTarget "Nano4TV" */ = {
			isa = XCConfigurationList;
			buildConfigurations = (
				0252BF812448CFFC0043DD0E /* Debug */,
				0252BF822448CFFC0043DD0E /* Release */,
			);
			defaultConfigurationIsVisible = 0;
			defaultConfigurationName = Release;
		};
		02879F9024478A3900B05390 /* Build configuration list for PBXProject "Nano4" */ = {
			isa = XCConfigurationList;
			buildConfigurations = (
				02879FA724478A3B00B05390 /* Debug */,
				02879FA824478A3B00B05390 /* Release */,
			);
			defaultConfigurationIsVisible = 0;
			defaultConfigurationName = Release;
		};
		02879FA924478A3B00B05390 /* Build configuration list for PBXNativeTarget "Nano4" */ = {
			isa = XCConfigurationList;
			buildConfigurations = (
				02879FAA24478A3B00B05390 /* Debug */,
				02879FAB24478A3B00B05390 /* Release */,
			);
			defaultConfigurationIsVisible = 0;
			defaultConfigurationName = Release;
		};
/* End XCConfigurationList section */
	};
	rootObject = 02879F8D24478A3900B05390 /* Project object */;
}
